
Microsoft Visual Studio Solution File, Format Version 12.00
# Visual Studio Version 17
VisualStudioVersion = 17.8.34309.116
MinimumVisualStudioVersion = 10.0.40219.1
Project("{FAE04EC0-301F-11D3-BF4B-00C04F79EFBC}") = "exceltojson", "exceltojson\exceltojson.csproj", "{D1B0B92C-86EC-43BB-BFBB-19015F1255A5}"
EndProject
Global
	GlobalSection(SolutionConfigurationPlatforms) = preSolution
		Debug|Any CPU = Debug|Any CPU
		Release|Any CPU = Release|Any CPU
	EndGlobalSection
	GlobalSection(ProjectConfigurationPlatforms) = postSolution
		{D1B0B92C-86EC-43BB-BFBB-19015F1255A5}.Debug|Any CPU.ActiveCfg = Debug|Any CPU
		{D1B0B92C-86EC-43BB-BFBB-19015F1255A5}.Debug|Any CPU.Build.0 = Debug|Any CPU
		{D1B0B92C-86EC-43BB-BFBB-19015F1255A5}.Release|Any CPU.ActiveCfg = Release|Any CPU
		{D1B0B92C-86EC-43BB-BFBB-19015F1255A5}.Release|Any CPU.Build.0 = Release|Any CPU
	EndGlobalSection
	GlobalSection(SolutionProperties) = preSolution
		HideSolutionNode = FALSE
	EndGlobalSection
	GlobalSection(ExtensibilityGlobals) = postSolution
		SolutionGuid = {CD4C5A7D-AA11-4750-8384-CDBBBBED7172}
	EndGlobalSection
EndGlobal
